
Microsoft Visual Studio Solution File, Format Version 12.00
# Visual Studio Version 17
VisualStudioVersion = 17.7.34024.191
MinimumVisualStudioVersion = 10.0.40219.1
Project("{FAE04EC0-301F-11D3-BF4B-00C04F79EFBC}") = "Week3IfAndSwitch", "Week3IfAndSwitch\Week3IfAndSwitch.csproj", "{4B18CD9D-11CD-4F68-868D-895A7B55C293}"
EndProject
Project("{FAE04EC0-301F-11D3-BF4B-00C04F79EFBC}") = "OddorEven", "OddorEven\OddorEven.csproj", "{97288057-DABB-4707-9EE9-A82E9A84C6AF}"
EndProject
Project("{FAE04EC0-301F-11D3-BF4B-00C04F79EFBC}") = "IfDayOfTheWeek", "IfDayOfTheWeek\IfDayOfTheWeek.csproj", "{FC76B6CC-F48F-4720-BD44-248A02707643}"
EndProject
Project("{FAE04EC0-301F-11D3-BF4B-00C04F79EFBC}") = "SwitchDayOfTheWeek", "SwitchDayOfTheWeek\SwitchDayOfTheWeek.csproj", "{11A94C95-15BE-4D68-BA80-82392A74C9E2}"
EndProject
Global
	GlobalSection(SolutionConfigurationPlatforms) = preSolution
		Debug|Any CPU = Debug|Any CPU
		Release|Any CPU = Release|Any CPU
	EndGlobalSection
	GlobalSection(ProjectConfigurationPlatforms) = postSolution
		{4B18CD9D-11CD-4F68-868D-895A7B55C293}.Debug|Any CPU.ActiveCfg = Debug|Any CPU
		{4B18CD9D-11CD-4F68-868D-895A7B55C293}.Debug|Any CPU.Build.0 = Debug|Any CPU
		{4B18CD9D-11CD-4F68-868D-895A7B55C293}.Release|Any CPU.ActiveCfg = Release|Any CPU
		{4B18CD9D-11CD-4F68-868D-895A7B55C293}.Release|Any CPU.Build.0 = Release|Any CPU
		{97288057-DABB-4707-9EE9-A82E9A84C6AF}.Debug|Any CPU.ActiveCfg = Debug|Any CPU
		{97288057-DABB-4707-9EE9-A82E9A84C6AF}.Debug|Any CPU.Build.0 = Debug|Any CPU
		{97288057-DABB-4707-9EE9-A82E9A84C6AF}.Release|Any CPU.ActiveCfg = Release|Any CPU
		{97288057-DABB-4707-9EE9-A82E9A84C6AF}.Release|Any CPU.Build.0 = Release|Any CPU
		{FC76B6CC-F48F-4720-BD44-248A02707643}.Debug|Any CPU.ActiveCfg = Debug|Any CPU
		{FC76B6CC-F48F-4720-BD44-248A02707643}.Debug|Any CPU.Build.0 = Debug|Any CPU
		{FC76B6CC-F48F-4720-BD44-248A02707643}.Release|Any CPU.ActiveCfg = Release|Any CPU
		{FC76B6CC-F48F-4720-BD44-248A02707643}.Release|Any CPU.Build.0 = Release|Any CPU
		{11A94C95-15BE-4D68-BA80-82392A74C9E2}.Debug|Any CPU.ActiveCfg = Debug|Any CPU
		{11A94C95-15BE-4D68-BA80-82392A74C9E2}.Debug|Any CPU.Build.0 = Debug|Any CPU
		{11A94C95-15BE-4D68-BA80-82392A74C9E2}.Release|Any CPU.ActiveCfg = Release|Any CPU
		{11A94C95-15BE-4D68-BA80-82392A74C9E2}.Release|Any CPU.Build.0 = Release|Any CPU
	EndGlobalSection
	GlobalSection(SolutionProperties) = preSolution
		HideSolutionNode = FALSE
	EndGlobalSection
	GlobalSection(ExtensibilityGlobals) = postSolution
		SolutionGuid = {CBBDC624-9709-4E86-84B9-7FDDED30E73A}
	EndGlobalSection
EndGlobal
